
Microsoft Visual Studio Solution File, Format Version 12.00
# Visual Studio Version 17
VisualStudioVersion = 17.6.33723.286
MinimumVisualStudioVersion = 10.0.40219.1
Project("{9A19103F-16F7-4668-BE54-9A1E7A4F7556}") = "HeliosphereFix", "HeliosphereFix\HeliosphereFix.csproj", "{AE18DC08-8BD2-47D1-8921-A68BD6E53452}"
EndProject
Global
	GlobalSection(SolutionConfigurationPlatforms) = preSolution
		Debug|x64 = Debug|x64
		Release|x64 = Release|x64
	EndGlobalSection
	GlobalSection(ProjectConfigurationPlatforms) = postSolution
		{AE18DC08-8BD2-47D1-8921-A68BD6E53452}.Debug|x64.ActiveCfg = Debug|x64
		{AE18DC08-8BD2-47D1-8921-A68BD6E53452}.Debug|x64.Build.0 = Debug|x64
		{AE18DC08-8BD2-47D1-8921-A68BD6E53452}.Release|x64.ActiveCfg = Release|x64
		{AE18DC08-8BD2-47D1-8921-A68BD6E53452}.Release|x64.Build.0 = Release|x64
	EndGlobalSection
	GlobalSection(SolutionProperties) = preSolution
		HideSolutionNode = FALSE
	EndGlobalSection
	GlobalSection(ExtensibilityGlobals) = postSolution
		SolutionGuid = {2B8F1ADB-E4CE-49AB-AA7A-17A4B6E9FD6A}
	EndGlobalSection
EndGlobal
